
Microsoft Visual Studio Solution File, Format Version 12.00
# Visual Studio Version 17
VisualStudioVersion = 17.4.33213.308
MinimumVisualStudioVersion = 10.0.40219.1
Project("{FAE04EC0-301F-11D3-BF4B-00C04F79EFBC}") = "calculos", "calculos\calculos.csproj", "{03477EA3-2323-426F-8629-58A4E0B4606F}"
EndProject
Global
	GlobalSection(SolutionConfigurationPlatforms) = preSolution
		Debug|Any CPU = Debug|Any CPU
		Release|Any CPU = Release|Any CPU
	EndGlobalSection
	GlobalSection(ProjectConfigurationPlatforms) = postSolution
		{03477EA3-2323-426F-8629-58A4E0B4606F}.Debug|Any CPU.ActiveCfg = Debug|Any CPU
		{03477EA3-2323-426F-8629-58A4E0B4606F}.Debug|Any CPU.Build.0 = Debug|Any CPU
		{03477EA3-2323-426F-8629-58A4E0B4606F}.Release|Any CPU.ActiveCfg = Release|Any CPU
		{03477EA3-2323-426F-8629-58A4E0B4606F}.Release|Any CPU.Build.0 = Release|Any CPU
	EndGlobalSection
	GlobalSection(SolutionProperties) = preSolution
		HideSolutionNode = FALSE
	EndGlobalSection
	GlobalSection(ExtensibilityGlobals) = postSolution
		SolutionGuid = {962B6A91-95B2-41BD-99E4-6573B7442B84}
	EndGlobalSection
EndGlobal
